
Microsoft Visual Studio Solution File, Format Version 12.00
# Visual Studio Version 17
VisualStudioVersion = 17.9.34701.34
MinimumVisualStudioVersion = 10.0.40219.1
Project("{FAE04EC0-301F-11D3-BF4B-00C04F79EFBC}") = "ToDoList", "ToDoList\ToDoList.csproj", "{C5983445-2470-4751-A7B3-D231856F8623}"
EndProject
Global
	GlobalSection(SolutionConfigurationPlatforms) = preSolution
		Debug|Any CPU = Debug|Any CPU
		Release|Any CPU = Release|Any CPU
	EndGlobalSection
	GlobalSection(ProjectConfigurationPlatforms) = postSolution
		{C5983445-2470-4751-A7B3-D231856F8623}.Debug|Any CPU.ActiveCfg = Debug|Any CPU
		{C5983445-2470-4751-A7B3-D231856F8623}.Debug|Any CPU.Build.0 = Debug|Any CPU
		{C5983445-2470-4751-A7B3-D231856F8623}.Release|Any CPU.ActiveCfg = Release|Any CPU
		{C5983445-2470-4751-A7B3-D231856F8623}.Release|Any CPU.Build.0 = Release|Any CPU
	EndGlobalSection
	GlobalSection(SolutionProperties) = preSolution
		HideSolutionNode = FALSE
	EndGlobalSection
	GlobalSection(ExtensibilityGlobals) = postSolution
		SolutionGuid = {212ECA44-529E-4A1F-BC1E-08EBF084FCF5}
	EndGlobalSection
EndGlobal
